
Microsoft Visual Studio Solution File, Format Version 12.00
# Visual Studio Version 17
VisualStudioVersion = 17.2.32526.322
MinimumVisualStudioVersion = 10.0.40219.1
Project("{FAE04EC0-301F-11D3-BF4B-00C04F79EFBC}") = "GlobalForums", "GlobalForums\GlobalForums.csproj", "{935896C7-EFAD-44FF-8079-DC5CA519CE53}"
EndProject
Project("{FAE04EC0-301F-11D3-BF4B-00C04F79EFBC}") = "GlobalForums.Data", "GlobalForums.Data\GlobalForums.Data.csproj", "{8D4E28FC-2042-4D45-AB39-0E2CF33D457F}"
EndProject
Project("{2150E333-8FDC-42A3-9474-1A3956D46DE8}") = "Solution Items", "Solution Items", "{DD3C0E56-042A-4F48-AFC8-1A56B4C6D400}"
	ProjectSection(SolutionItems) = preProject
		.editorconfig = .editorconfig
	EndProjectSection
EndProject
Project("{FAE04EC0-301F-11D3-BF4B-00C04F79EFBC}") = "GlobalForums.Service", "GloabalForums.Service\GlobalForums.Service.csproj", "{80749A63-2B5A-45DD-8ECD-E8033E7E61C2}"
EndProject
Global
	GlobalSection(SolutionConfigurationPlatforms) = preSolution
		Debug|Any CPU = Debug|Any CPU
		Release|Any CPU = Release|Any CPU
	EndGlobalSection
	GlobalSection(ProjectConfigurationPlatforms) = postSolution
		{935896C7-EFAD-44FF-8079-DC5CA519CE53}.Debug|Any CPU.ActiveCfg = Debug|Any CPU
		{935896C7-EFAD-44FF-8079-DC5CA519CE53}.Debug|Any CPU.Build.0 = Debug|Any CPU
		{935896C7-EFAD-44FF-8079-DC5CA519CE53}.Release|Any CPU.ActiveCfg = Release|Any CPU
		{935896C7-EFAD-44FF-8079-DC5CA519CE53}.Release|Any CPU.Build.0 = Release|Any CPU
		{8D4E28FC-2042-4D45-AB39-0E2CF33D457F}.Debug|Any CPU.ActiveCfg = Debug|Any CPU
		{8D4E28FC-2042-4D45-AB39-0E2CF33D457F}.Debug|Any CPU.Build.0 = Debug|Any CPU
		{8D4E28FC-2042-4D45-AB39-0E2CF33D457F}.Release|Any CPU.ActiveCfg = Release|Any CPU
		{8D4E28FC-2042-4D45-AB39-0E2CF33D457F}.Release|Any CPU.Build.0 = Release|Any CPU
		{80749A63-2B5A-45DD-8ECD-E8033E7E61C2}.Debug|Any CPU.ActiveCfg = Debug|Any CPU
		{80749A63-2B5A-45DD-8ECD-E8033E7E61C2}.Debug|Any CPU.Build.0 = Debug|Any CPU
		{80749A63-2B5A-45DD-8ECD-E8033E7E61C2}.Release|Any CPU.ActiveCfg = Release|Any CPU
		{80749A63-2B5A-45DD-8ECD-E8033E7E61C2}.Release|Any CPU.Build.0 = Release|Any CPU
	EndGlobalSection
	GlobalSection(SolutionProperties) = preSolution
		HideSolutionNode = FALSE
	EndGlobalSection
	GlobalSection(ExtensibilityGlobals) = postSolution
		SolutionGuid = {DE0662A3-040D-40AC-BF04-81F9FADDA002}
	EndGlobalSection
EndGlobal
